
Microsoft Visual Studio Solution File, Format Version 12.00
Project("{FAE04EC0-301F-11D3-BF4B-00C04F79EFBC}") = "OptiFabric", "OptiFabric\OptiFabric.csproj", "{E341DA54-1C9D-4AEC-B00B-04CF9DB8387D}"
EndProject
Project("{2150E333-8FDC-42A3-9474-1A3956D46DE8}") = "Infrastructure", "Infrastructure", "{D505E120-DBE6-4602-A97E-8F8792611F26}"
EndProject
Project("{2150E333-8FDC-42A3-9474-1A3956D46DE8}") = "Domain", "Domain", "{62FC74F4-FD13-47E4-BA23-E7880A715DCA}"
EndProject
Project("{2150E333-8FDC-42A3-9474-1A3956D46DE8}") = "Application", "Application", "{16CDCC9A-1DF6-4647-AEBC-C8F1A7F004AC}"
EndProject
Project("{FAE04EC0-301F-11D3-BF4B-00C04F79EFBC}") = "OptiFabricMVC.Application", "OptiFabricMVC.Application\OptiFabricMVC.Application.csproj", "{FB4E4F3D-1F69-4BF7-9453-FA7CBB779B49}"
EndProject
Project("{FAE04EC0-301F-11D3-BF4B-00C04F79EFBC}") = "OptiFabricMVC.Domain", "OptiFabricMVC.Domain\OptiFabricMVC.Domain.csproj", "{F938B309-B9DD-4EFC-8856-E6435C118589}"
EndProject
Project("{FAE04EC0-301F-11D3-BF4B-00C04F79EFBC}") = "OptiFabricMVC.Infrastructure", "OptiFabricMVC.Infrastructure\OptiFabricMVC.Infrastructure.csproj", "{9CA7080B-7434-47B5-B293-C8941B40EC88}"
EndProject
Project("{2150E333-8FDC-42A3-9474-1A3956D46DE8}") = "UI", "UI", "{49ACDFB8-25BA-4C82-A321-B7121190EA2A}"
EndProject
Project("{FAE04EC0-301F-11D3-BF4B-00C04F79EFBC}") = "OptiFabric.Tests", "OptiFabric.Tests\OptiFabric.Tests.csproj", "{C649795F-0E87-49AE-9CD9-D24E5E623E3B}"
EndProject
Project("{2150E333-8FDC-42A3-9474-1A3956D46DE8}") = "Tests", "Tests", "{279B8B30-2D64-4C25-AF0F-175D61A93792}"
EndProject
Global
	GlobalSection(SolutionConfigurationPlatforms) = preSolution
		Debug|Any CPU = Debug|Any CPU
		Release|Any CPU = Release|Any CPU
	EndGlobalSection
	GlobalSection(ProjectConfigurationPlatforms) = postSolution
		{E341DA54-1C9D-4AEC-B00B-04CF9DB8387D}.Debug|Any CPU.ActiveCfg = Debug|Any CPU
		{E341DA54-1C9D-4AEC-B00B-04CF9DB8387D}.Debug|Any CPU.Build.0 = Debug|Any CPU
		{E341DA54-1C9D-4AEC-B00B-04CF9DB8387D}.Release|Any CPU.ActiveCfg = Release|Any CPU
		{E341DA54-1C9D-4AEC-B00B-04CF9DB8387D}.Release|Any CPU.Build.0 = Release|Any CPU
		{FB4E4F3D-1F69-4BF7-9453-FA7CBB779B49}.Debug|Any CPU.ActiveCfg = Debug|Any CPU
		{FB4E4F3D-1F69-4BF7-9453-FA7CBB779B49}.Debug|Any CPU.Build.0 = Debug|Any CPU
		{FB4E4F3D-1F69-4BF7-9453-FA7CBB779B49}.Release|Any CPU.ActiveCfg = Release|Any CPU
		{FB4E4F3D-1F69-4BF7-9453-FA7CBB779B49}.Release|Any CPU.Build.0 = Release|Any CPU
		{F938B309-B9DD-4EFC-8856-E6435C118589}.Debug|Any CPU.ActiveCfg = Debug|Any CPU
		{F938B309-B9DD-4EFC-8856-E6435C118589}.Debug|Any CPU.Build.0 = Debug|Any CPU
		{F938B309-B9DD-4EFC-8856-E6435C118589}.Release|Any CPU.ActiveCfg = Release|Any CPU
		{F938B309-B9DD-4EFC-8856-E6435C118589}.Release|Any CPU.Build.0 = Release|Any CPU
		{9CA7080B-7434-47B5-B293-C8941B40EC88}.Debug|Any CPU.ActiveCfg = Debug|Any CPU
		{9CA7080B-7434-47B5-B293-C8941B40EC88}.Debug|Any CPU.Build.0 = Debug|Any CPU
		{9CA7080B-7434-47B5-B293-C8941B40EC88}.Release|Any CPU.ActiveCfg = Release|Any CPU
		{9CA7080B-7434-47B5-B293-C8941B40EC88}.Release|Any CPU.Build.0 = Release|Any CPU
		{C649795F-0E87-49AE-9CD9-D24E5E623E3B}.Debug|Any CPU.ActiveCfg = Debug|Any CPU
		{C649795F-0E87-49AE-9CD9-D24E5E623E3B}.Debug|Any CPU.Build.0 = Debug|Any CPU
		{C649795F-0E87-49AE-9CD9-D24E5E623E3B}.Release|Any CPU.ActiveCfg = Release|Any CPU
		{C649795F-0E87-49AE-9CD9-D24E5E623E3B}.Release|Any CPU.Build.0 = Release|Any CPU
	EndGlobalSection
	GlobalSection(NestedProjects) = preSolution
		{FB4E4F3D-1F69-4BF7-9453-FA7CBB779B49} = {16CDCC9A-1DF6-4647-AEBC-C8F1A7F004AC}
		{F938B309-B9DD-4EFC-8856-E6435C118589} = {62FC74F4-FD13-47E4-BA23-E7880A715DCA}
		{9CA7080B-7434-47B5-B293-C8941B40EC88} = {D505E120-DBE6-4602-A97E-8F8792611F26}
		{E341DA54-1C9D-4AEC-B00B-04CF9DB8387D} = {49ACDFB8-25BA-4C82-A321-B7121190EA2A}
		{C649795F-0E87-49AE-9CD9-D24E5E623E3B} = {279B8B30-2D64-4C25-AF0F-175D61A93792}
	EndGlobalSection
EndGlobal
